{
  "requires": true,
  "lockfileVersion": 1,
  "dependencies": {
    "jquery": {
      "version": "3.3.1",
      "resolved": "https://registry.npmjs.org/jquery/-/jquery-3.3.1.tgz",
      "integrity": "sha512-Ubldcmxp5np52/ENotGxlLe6aGMvmF4R8S6tZjsP6Knsaxd/xp3Zrh50cG93lR6nPXyUFwzN3ZSOQI0wRJNdGg=="
    },
    "jquery-slotmachine": {
      "version": "4.0.0",
      "resolved": "https://registry.npmjs.org/jquery-slotmachine/-/jquery-slotmachine-4.0.0.tgz",
      "integrity": "sha512-VX5e+VDcvLXSyOUSZa0Uyx4tQpzTn84OfgSef0tJ0ZaRe5De3VPzpf4NlmtjfkDnjYCeChPLBbI2izO3nVMZcA==",
      "requires": {
        "jquery": ">=1.7"
      }
    }
  }
}
